// !$*UTF8*$!
{
	archiveVersion = 1;
	classes = {
	};
	objectVersion = 52;
	objects = {

/* Begin PBXBuildFile section */
		05264F4D23EE2A2E00B461D2 /* ViewDataViewController.swift in Sources */ = {isa = PBXBuildFile; fileRef = 05264F4C23EE2A2E00B461D2 /* ViewDataViewController.swift */; };
		05264F4F23EF32BC00B461D2 /* QRExportViewController.swift in Sources */ = {isa = PBXBuildFile; fileRef = 05264F4E23EF32BC00B461D2 /* QRExportViewController.swift */; };
		05264F5323EF46B400B461D2 /* WebExportViewController.swift in Sources */ = {isa = PBXBuildFile; fileRef = 05264F5223EF46B400B461D2 /* WebExportViewController.swift */; };
		0529E03423C95094004707FD /* AppDelegate.swift in Sources */ = {isa = PBXBuildFile; fileRef = 0529E03323C95094004707FD /* AppDelegate.swift */; };
		0529E03623C95094004707FD /* ViewController.swift in Sources */ = {isa = PBXBuildFile; fileRef = 0529E03523C95094004707FD /* ViewController.swift */; };
		0529E03923C95094004707FD /* Main.storyboard in Resources */ = {isa = PBXBuildFile; fileRef = 0529E03723C95094004707FD /* Main.storyboard */; };
		0529E03C23C95094004707FD /* ScoutingApp2020.xcdatamodeld in Sources */ = {isa = PBXBuildFile; fileRef = 0529E03A23C95094004707FD /* ScoutingApp2020.xcdatamodeld */; };
		0529E03E23C95095004707FD /* Assets.xcassets in Resources */ = {isa = PBXBuildFile; fileRef = 0529E03D23C95095004707FD /* Assets.xcassets */; };
		0529E04123C95095004707FD /* LaunchScreen.storyboard in Resources */ = {isa = PBXBuildFile; fileRef = 0529E03F23C95095004707FD /* LaunchScreen.storyboard */; };
		0529E04C23C95095004707FD /* ScoutingApp2020Tests.swift in Sources */ = {isa = PBXBuildFile; fileRef = 0529E04B23C95095004707FD /* ScoutingApp2020Tests.swift */; };
		0529E05723C95095004707FD /* ScoutingApp2020UITests.swift in Sources */ = {isa = PBXBuildFile; fileRef = 0529E05623C95095004707FD /* ScoutingApp2020UITests.swift */; };
		0552504423E0EC7B0084F28C /* FinishMatchDataViewController.swift in Sources */ = {isa = PBXBuildFile; fileRef = 0552504323E0EC7B0084F28C /* FinishMatchDataViewController.swift */; };
		055F4B1723D27A9B001C3581 /* EnterData2ViewController.swift in Sources */ = {isa = PBXBuildFile; fileRef = 055F4B1623D27A9B001C3581 /* EnterData2ViewController.swift */; };
		055F4B1D23D35510001C3581 /* GHSRoboticsLogo2170.png in Resources */ = {isa = PBXBuildFile; fileRef = 055F4B1C23D35510001C3581 /* GHSRoboticsLogo2170.png */; };
		055F4B2023D38FA6001C3581 /* plus.png in Resources */ = {isa = PBXBuildFile; fileRef = 055F4B1E23D38FA6001C3581 /* plus.png */; };
		055F4B2123D38FA6001C3581 /* minus.png in Resources */ = {isa = PBXBuildFile; fileRef = 055F4B1F23D38FA6001C3581 /* minus.png */; };
		055F4B2723D7B2CE001C3581 /* TeleOpViewController.swift in Sources */ = {isa = PBXBuildFile; fileRef = 055F4B2623D7B2CE001C3581 /* TeleOpViewController.swift */; };
		055F4B2923D7B445001C3581 /* MatchDataViewController.swift in Sources */ = {isa = PBXBuildFile; fileRef = 055F4B2823D7B445001C3581 /* MatchDataViewController.swift */; };
		055F4B2E23DBAE99001C3581 /* TopViewRed.png in Resources */ = {isa = PBXBuildFile; fileRef = 055F4B2C23DBAE99001C3581 /* TopViewRed.png */; };
		055F4B2F23DBAE99001C3581 /* TopViewBlue.png in Resources */ = {isa = PBXBuildFile; fileRef = 055F4B2D23DBAE99001C3581 /* TopViewBlue.png */; };
		05B56EFF23FCA0F0005F1B8A /* QRReaderViewController.swift in Sources */ = {isa = PBXBuildFile; fileRef = 05B56EFE23FCA0F0005F1B8A /* QRReaderViewController.swift */; };
		DF28847E23DBBE4400572749 /* BorderNorth1.png in Resources */ = {isa = PBXBuildFile; fileRef = DF28847D23DBBE4400572749 /* BorderNorth1.png */; };
		DF28848023DBBE8500572749 /* BorderNorth&South2.png in Resources */ = {isa = PBXBuildFile; fileRef = DF28847F23DBBE8400572749 /* BorderNorth&South2.png */; };
		DF28848223DBBFD300572749 /* ShieldGen.png in Resources */ = {isa = PBXBuildFile; fileRef = DF28848123DBBFD300572749 /* ShieldGen.png */; };
		DF28848423DBC0C700572749 /* ControlPanel.png in Resources */ = {isa = PBXBuildFile; fileRef = DF28848323DBC0C700572749 /* ControlPanel.png */; };
		DF28848623DCC19B00572749 /* PitScoutingViewController.swift in Sources */ = {isa = PBXBuildFile; fileRef = DF28848523DCC19B00572749 /* PitScoutingViewController.swift */; };
		DFA141C723E5017A00DC727C /* New Piskel.png in Resources */ = {isa = PBXBuildFile; fileRef = DFA141C623E5017900DC727C /* New Piskel.png */; };
/* End PBXBuildFile section */

/* Begin PBXContainerItemProxy section */
		0529E04823C95095004707FD /* PBXContainerItemProxy */ = {
			isa = PBXContainerItemProxy;
			containerPortal = 0529E02823C95094004707FD /* Project object */;
			proxyType = 1;
			remoteGlobalIDString = 0529E02F23C95094004707FD;
			remoteInfo = ScoutingApp2020;
		};
		0529E05323C95095004707FD /* PBXContainerItemProxy */ = {
			isa = PBXContainerItemProxy;
			containerPortal = 0529E02823C95094004707FD /* Project object */;
			proxyType = 1;
			remoteGlobalIDString = 0529E02F23C95094004707FD;
			remoteInfo = ScoutingApp2020;
		};
/* End PBXContainerItemProxy section */

/* Begin PBXFileReference section */
		05264F4C23EE2A2E00B461D2 /* ViewDataViewController.swift */ = {isa = PBXFileReference; lastKnownFileType = sourcecode.swift; path = ViewDataViewController.swift; sourceTree = "<group>"; };
		05264F4E23EF32BC00B461D2 /* QRExportViewController.swift */ = {isa = PBXFileReference; lastKnownFileType = sourcecode.swift; path = QRExportViewController.swift; sourceTree = "<group>"; };
		05264F5223EF46B400B461D2 /* WebExportViewController.swift */ = {isa = PBXFileReference; lastKnownFileType = sourcecode.swift; path = WebExportViewController.swift; sourceTree = "<group>"; wrapsLines = 0; };
		0529E03023C95094004707FD /* ScoutingApp2020.app */ = {isa = PBXFileReference; explicitFileType = wrapper.application; includeInIndex = 0; path = ScoutingApp2020.app; sourceTree = BUILT_PRODUCTS_DIR; };
		0529E03323C95094004707FD /* AppDelegate.swift */ = {isa = PBXFileReference; lastKnownFileType = sourcecode.swift; path = AppDelegate.swift; sourceTree = "<group>"; };
		0529E03523C95094004707FD /* ViewController.swift */ = {isa = PBXFileReference; lastKnownFileType = sourcecode.swift; path = ViewController.swift; sourceTree = "<group>"; };
		0529E03823C95094004707FD /* Base */ = {isa = PBXFileReference; lastKnownFileType = file.storyboard; name = Base; path = Base.lproj/Main.storyboard; sourceTree = "<group>"; };
		0529E03B23C95094004707FD /* ScoutingApp2020.xcdatamodel */ = {isa = PBXFileReference; lastKnownFileType = wrapper.xcdatamodel; path = ScoutingApp2020.xcdatamodel; sourceTree = "<group>"; };
		0529E03D23C95095004707FD /* Assets.xcassets */ = {isa = PBXFileReference; lastKnownFileType = folder.assetcatalog; path = Assets.xcassets; sourceTree = "<group>"; };
		0529E04023C95095004707FD /* Base */ = {isa = PBXFileReference; lastKnownFileType = file.storyboard; name = Base; path = Base.lproj/LaunchScreen.storyboard; sourceTree = "<group>"; };
		0529E04223C95095004707FD /* Info.plist */ = {isa = PBXFileReference; lastKnownFileType = text.plist.xml; path = Info.plist; sourceTree = "<group>"; };
		0529E04723C95095004707FD /* ScoutingApp2020Tests.xctest */ = {isa = PBXFileReference; explicitFileType = wrapper.cfbundle; includeInIndex = 0; path = ScoutingApp2020Tests.xctest; sourceTree = BUILT_PRODUCTS_DIR; };
		0529E04B23C95095004707FD /* ScoutingApp2020Tests.swift */ = {isa = PBXFileReference; lastKnownFileType = sourcecode.swift; path = ScoutingApp2020Tests.swift; sourceTree = "<group>"; };
		0529E04D23C95095004707FD /* Info.plist */ = {isa = PBXFileReference; lastKnownFileType = text.plist.xml; path = Info.plist; sourceTree = "<group>"; };
		0529E05223C95095004707FD /* ScoutingApp2020UITests.xctest */ = {isa = PBXFileReference; explicitFileType = wrapper.cfbundle; includeInIndex = 0; path = ScoutingApp2020UITests.xctest; sourceTree = BUILT_PRODUCTS_DIR; };
		0529E05623C95095004707FD /* ScoutingApp2020UITests.swift */ = {isa = PBXFileReference; lastKnownFileType = sourcecode.swift; path = ScoutingApp2020UITests.swift; sourceTree = "<group>"; };
		0529E05823C95095004707FD /* Info.plist */ = {isa = PBXFileReference; lastKnownFileType = text.plist.xml; path = Info.plist; sourceTree = "<group>"; };
		0552504323E0EC7B0084F28C /* FinishMatchDataViewController.swift */ = {isa = PBXFileReference; lastKnownFileType = sourcecode.swift; path = FinishMatchDataViewController.swift; sourceTree = "<group>"; };
		055F4B1623D27A9B001C3581 /* EnterData2ViewController.swift */ = {isa = PBXFileReference; lastKnownFileType = sourcecode.swift; path = EnterData2ViewController.swift; sourceTree = "<group>"; };
		055F4B1C23D35510001C3581 /* GHSRoboticsLogo2170.png */ = {isa = PBXFileReference; lastKnownFileType = image.png; path = GHSRoboticsLogo2170.png; sourceTree = "<group>"; };
		055F4B1E23D38FA6001C3581 /* plus.png */ = {isa = PBXFileReference; lastKnownFileType = image.png; path = plus.png; sourceTree = "<group>"; };
		055F4B1F23D38FA6001C3581 /* minus.png */ = {isa = PBXFileReference; lastKnownFileType = image.png; path = minus.png; sourceTree = "<group>"; };
		055F4B2623D7B2CE001C3581 /* TeleOpViewController.swift */ = {isa = PBXFileReference; fileEncoding = 4; lastKnownFileType = sourcecode.swift; path = TeleOpViewController.swift; sourceTree = "<group>"; };
		055F4B2823D7B445001C3581 /* MatchDataViewController.swift */ = {isa = PBXFileReference; lastKnownFileType = sourcecode.swift; path = MatchDataViewController.swift; sourceTree = "<group>"; };
		055F4B2C23DBAE99001C3581 /* TopViewRed.png */ = {isa = PBXFileReference; lastKnownFileType = image.png; path = TopViewRed.png; sourceTree = "<group>"; };
		055F4B2D23DBAE99001C3581 /* TopViewBlue.png */ = {isa = PBXFileReference; lastKnownFileType = image.png; path = TopViewBlue.png; sourceTree = "<group>"; };
		05B56EFE23FCA0F0005F1B8A /* QRReaderViewController.swift */ = {isa = PBXFileReference; lastKnownFileType = sourcecode.swift; path = QRReaderViewController.swift; sourceTree = "<group>"; };
		DF28847D23DBBE4400572749 /* BorderNorth1.png */ = {isa = PBXFileReference; lastKnownFileType = image.png; path = BorderNorth1.png; sourceTree = "<group>"; };
		DF28847F23DBBE8400572749 /* BorderNorth&South2.png */ = {isa = PBXFileReference; lastKnownFileType = image.png; path = "BorderNorth&South2.png"; sourceTree = "<group>"; };
		DF28848123DBBFD300572749 /* ShieldGen.png */ = {isa = PBXFileReference; lastKnownFileType = image.png; path = ShieldGen.png; sourceTree = "<group>"; };
		DF28848323DBC0C700572749 /* ControlPanel.png */ = {isa = PBXFileReference; lastKnownFileType = image.png; path = ControlPanel.png; sourceTree = "<group>"; };
		DF28848523DCC19B00572749 /* PitScoutingViewController.swift */ = {isa = PBXFileReference; lastKnownFileType = sourcecode.swift; path = PitScoutingViewController.swift; sourceTree = "<group>"; };
		DFA141C623E5017900DC727C /* New Piskel.png */ = {isa = PBXFileReference; lastKnownFileType = image.png; path = "New Piskel.png"; sourceTree = "<group>"; };
/* End PBXFileReference section */

/* Begin PBXFrameworksBuildPhase section */
		0529E02D23C95094004707FD /* Frameworks */ = {
			isa = PBXFrameworksBuildPhase;
			buildActionMask = 2147483647;
			files = (
			);
			runOnlyForDeploymentPostprocessing = 0;
		};
		0529E04423C95095004707FD /* Frameworks */ = {
			isa = PBXFrameworksBuildPhase;
			buildActionMask = 2147483647;
			files = (
			);
			runOnlyForDeploymentPostprocessing = 0;
		};
		0529E04F23C95095004707FD /* Frameworks */ = {
			isa = PBXFrameworksBuildPhase;
			buildActionMask = 2147483647;
			files = (
			);
			runOnlyForDeploymentPostprocessing = 0;
		};
/* End PBXFrameworksBuildPhase section */

/* Begin PBXGroup section */
		0529E02723C95094004707FD = {
			isa = PBXGroup;
			children = (
				0529E03223C95094004707FD /* ScoutingApp2020 */,
				0529E04A23C95095004707FD /* ScoutingApp2020Tests */,
				0529E05523C95095004707FD /* ScoutingApp2020UITests */,
				0529E03123C95094004707FD /* Products */,
			);
			sourceTree = "<group>";
		};
		0529E03123C95094004707FD /* Products */ = {
			isa = PBXGroup;
			children = (
				0529E03023C95094004707FD /* ScoutingApp2020.app */,
				0529E04723C95095004707FD /* ScoutingApp2020Tests.xctest */,
				0529E05223C95095004707FD /* ScoutingApp2020UITests.xctest */,
			);
			name = Products;
			sourceTree = "<group>";
		};
		0529E03223C95094004707FD /* ScoutingApp2020 */ = {
			isa = PBXGroup;
			children = (
				0529E03323C95094004707FD /* AppDelegate.swift */,
				0529E03523C95094004707FD /* ViewController.swift */,
				055F4B2823D7B445001C3581 /* MatchDataViewController.swift */,
				055F4B1623D27A9B001C3581 /* EnterData2ViewController.swift */,
				055F4B2623D7B2CE001C3581 /* TeleOpViewController.swift */,
				0552504323E0EC7B0084F28C /* FinishMatchDataViewController.swift */,
				DF28848523DCC19B00572749 /* PitScoutingViewController.swift */,
				05264F4C23EE2A2E00B461D2 /* ViewDataViewController.swift */,
				05264F4E23EF32BC00B461D2 /* QRExportViewController.swift */,
				05264F5223EF46B400B461D2 /* WebExportViewController.swift */,
				05B56EFE23FCA0F0005F1B8A /* QRReaderViewController.swift */,
				0529E03723C95094004707FD /* Main.storyboard */,
				0529E03D23C95095004707FD /* Assets.xcassets */,
				0529E03F23C95095004707FD /* LaunchScreen.storyboard */,
				0529E04223C95095004707FD /* Info.plist */,
				0529E03A23C95094004707FD /* ScoutingApp2020.xcdatamodeld */,
				055F4B1C23D35510001C3581 /* GHSRoboticsLogo2170.png */,
				055F4B1F23D38FA6001C3581 /* minus.png */,
				055F4B1E23D38FA6001C3581 /* plus.png */,
				055F4B2D23DBAE99001C3581 /* TopViewBlue.png */,
				055F4B2C23DBAE99001C3581 /* TopViewRed.png */,
				DF28847D23DBBE4400572749 /* BorderNorth1.png */,
				DF28848323DBC0C700572749 /* ControlPanel.png */,
				DF28847F23DBBE8400572749 /* BorderNorth&South2.png */,
				DFA141C623E5017900DC727C /* New Piskel.png */,
				DF28848123DBBFD300572749 /* ShieldGen.png */,
			);
			path = ScoutingApp2020;
			sourceTree = "<group>";
		};
		0529E04A23C95095004707FD /* ScoutingApp2020Tests */ = {
			isa = PBXGroup;
			children = (
				0529E04B23C95095004707FD /* ScoutingApp2020Tests.swift */,
				0529E04D23C95095004707FD /* Info.plist */,
			);
			path = ScoutingApp2020Tests;
			sourceTree = "<group>";
		};
		0529E05523C95095004707FD /* ScoutingApp2020UITests */ = {
			isa = PBXGroup;
			children = (
				0529E05623C95095004707FD /* ScoutingApp2020UITests.swift */,
				0529E05823C95095004707FD /* Info.plist */,
			);
			path = ScoutingApp2020UITests;
			sourceTree = "<group>";
		};
/* End PBXGroup section */

/* Begin PBXNativeTarget section */
		0529E02F23C95094004707FD /* ScoutingApp2020 */ = {
			isa = PBXNativeTarget;
			buildConfigurationList = 0529E05B23C95095004707FD /* Build configuration list for PBXNativeTarget "ScoutingApp2020" */;
			buildPhases = (
				0529E02C23C95094004707FD /* Sources */,
				0529E02D23C95094004707FD /* Frameworks */,
				0529E02E23C95094004707FD /* Resources */,
			);
			buildRules = (
			);
			dependencies = (
			);
			name = ScoutingApp2020;
			productName = ScoutingApp2020;
			productReference = 0529E03023C95094004707FD /* ScoutingApp2020.app */;
			productType = "com.apple.product-type.application";
		};
		0529E04623C95095004707FD /* ScoutingApp2020Tests */ = {
			isa = PBXNativeTarget;
			buildConfigurationList = 0529E05E23C95095004707FD /* Build configuration list for PBXNativeTarget "ScoutingApp2020Tests" */;
			buildPhases = (
				0529E04323C95095004707FD /* Sources */,
				0529E04423C95095004707FD /* Frameworks */,
				0529E04523C95095004707FD /* Resources */,
			);
			buildRules = (
			);
			dependencies = (
				0529E04923C95095004707FD /* PBXTargetDependency */,
			);
			name = ScoutingApp2020Tests;
			productName = ScoutingApp2020Tests;
			productReference = 0529E04723C95095004707FD /* ScoutingApp2020Tests.xctest */;
			productType = "com.apple.product-type.bundle.unit-test";
		};
		0529E05123C95095004707FD /* ScoutingApp2020UITests */ = {
			isa = PBXNativeTarget;
			buildConfigurationList = 0529E06123C95095004707FD /* Build configuration list for PBXNativeTarget "ScoutingApp2020UITests" */;
			buildPhases = (
				0529E04E23C95095004707FD /* Sources */,
				0529E04F23C95095004707FD /* Frameworks */,
				0529E05023C95095004707FD /* Resources */,
			);
			buildRules = (
			);
			dependencies = (
				0529E05423C95095004707FD /* PBXTargetDependency */,
			);
			name = ScoutingApp2020UITests;
			productName = ScoutingApp2020UITests;
			productReference = 0529E05223C95095004707FD /* ScoutingApp2020UITests.xctest */;
			productType = "com.apple.product-type.bundle.ui-testing";
		};
/* End PBXNativeTarget section */

/* Begin PBXProject section */
		0529E02823C95094004707FD /* Project object */ = {
			isa = PBXProject;
			attributes = {
				LastSwiftUpdateCheck = 1010;
				LastUpgradeCheck = 1010;
				ORGANIZATIONNAME = "Leonard Liu";
				TargetAttributes = {
					0529E02F23C95094004707FD = {
						CreatedOnToolsVersion = 10.1;
						LastSwiftMigration = 1130;
					};
					0529E04623C95095004707FD = {
						CreatedOnToolsVersion = 10.1;
						LastSwiftMigration = 1130;
						TestTargetID = 0529E02F23C95094004707FD;
					};
					0529E05123C95095004707FD = {
						CreatedOnToolsVersion = 10.1;
						LastSwiftMigration = 1130;
						TestTargetID = 0529E02F23C95094004707FD;
					};
				};
			};
			buildConfigurationList = 0529E02B23C95094004707FD /* Build configuration list for PBXProject "ScoutingApp2020" */;
			compatibilityVersion = "Xcode 11.0";
			developmentRegion = en;
			hasScannedForEncodings = 0;
			knownRegions = (
				en,
				Base,
			);
			mainGroup = 0529E02723C95094004707FD;
			productRefGroup = 0529E03123C95094004707FD /* Products */;
			projectDirPath = "";
			projectRoot = "";
			targets = (
				0529E02F23C95094004707FD /* ScoutingApp2020 */,
				0529E04623C95095004707FD /* ScoutingApp2020Tests */,
				0529E05123C95095004707FD /* ScoutingApp2020UITests */,
			);
		};
/* End PBXProject section */

/* Begin PBXResourcesBuildPhase section */
		0529E02E23C95094004707FD /* Resources */ = {
			isa = PBXResourcesBuildPhase;
			buildActionMask = 2147483647;
			files = (
				DF28848423DBC0C700572749 /* ControlPanel.png in Resources */,
				055F4B2F23DBAE99001C3581 /* TopViewBlue.png in Resources */,
				DF28848023DBBE8500572749 /* BorderNorth&South2.png in Resources */,
				DF28847E23DBBE4400572749 /* BorderNorth1.png in Resources */,
				055F4B1D23D35510001C3581 /* GHSRoboticsLogo2170.png in Resources */,
				055F4B2023D38FA6001C3581 /* plus.png in Resources */,
				055F4B2123D38FA6001C3581 /* minus.png in Resources */,
				055F4B2E23DBAE99001C3581 /* TopViewRed.png in Resources */,
				0529E04123C95095004707FD /* LaunchScreen.storyboard in Resources */,
				0529E03E23C95095004707FD /* Assets.xcassets in Resources */,
				0529E03923C95094004707FD /* Main.storyboard in Resources */,
				DFA141C723E5017A00DC727C /* New Piskel.png in Resources */,
				DF28848223DBBFD300572749 /* ShieldGen.png in Resources */,
			);
			runOnlyForDeploymentPostprocessing = 0;
		};
		0529E04523C95095004707FD /* Resources */ = {
			isa = PBXResourcesBuildPhase;
			buildActionMask = 2147483647;
			files = (
			);
			runOnlyForDeploymentPostprocessing = 0;
		};
		0529E05023C95095004707FD /* Resources */ = {
			isa = PBXResourcesBuildPhase;
			buildActionMask = 2147483647;
			files = (
			);
			runOnlyForDeploymentPostprocessing = 0;
		};
/* End PBXResourcesBuildPhase section */

/* Begin PBXSourcesBuildPhase section */
		0529E02C23C95094004707FD /* Sources */ = {
			isa = PBXSourcesBuildPhase;
			buildActionMask = 2147483647;
			files = (
				0529E03623C95094004707FD /* ViewController.swift in Sources */,
				055F4B1723D27A9B001C3581 /* EnterData2ViewController.swift in Sources */,
				DF28848623DCC19B00572749 /* PitScoutingViewController.swift in Sources */,
				055F4B2923D7B445001C3581 /* MatchDataViewController.swift in Sources */,
				05264F4D23EE2A2E00B461D2 /* ViewDataViewController.swift in Sources */,
				0552504423E0EC7B0084F28C /* FinishMatchDataViewController.swift in Sources */,
				05264F4F23EF32BC00B461D2 /* QRExportViewController.swift in Sources */,
				055F4B2723D7B2CE001C3581 /* TeleOpViewController.swift in Sources */,
				05B56EFF23FCA0F0005F1B8A /* QRReaderViewController.swift in Sources */,
				05264F5323EF46B400B461D2 /* WebExportViewController.swift in Sources */,
				0529E03C23C95094004707FD /* ScoutingApp2020.xcdatamodeld in Sources */,
				0529E03423C95094004707FD /* AppDelegate.swift in Sources */,
			);
			runOnlyForDeploymentPostprocessing = 0;
		};
		0529E04323C95095004707FD /* Sources */ = {
			isa = PBXSourcesBuildPhase;
			buildActionMask = 2147483647;
			files = (
				0529E04C23C95095004707FD /* ScoutingApp2020Tests.swift in Sources */,
			);
			runOnlyForDeploymentPostprocessing = 0;
		};
		0529E04E23C95095004707FD /* Sources */ = {
			isa = PBXSourcesBuildPhase;
			buildActionMask = 2147483647;
			files = (
				0529E05723C95095004707FD /* ScoutingApp2020UITests.swift in Sources */,
			);
			runOnlyForDeploymentPostprocessing = 0;
		};
/* End PBXSourcesBuildPhase section */

/* Begin PBXTargetDependency section */
		0529E04923C95095004707FD /* PBXTargetDependency */ = {
			isa = PBXTargetDependency;
			target = 0529E02F23C95094004707FD /* ScoutingApp2020 */;
			targetProxy = 0529E04823C95095004707FD /* PBXContainerItemProxy */;
		};
		0529E05423C95095004707FD /* PBXTargetDependency */ = {
			isa = PBXTargetDependency;
			target = 0529E02F23C95094004707FD /* ScoutingApp2020 */;
			targetProxy = 0529E05323C95095004707FD /* PBXContainerItemProxy */;
		};
/* End PBXTargetDependency section */

/* Begin PBXVariantGroup section */
		0529E03723C95094004707FD /* Main.storyboard */ = {
			isa = PBXVariantGroup;
			children = (
				0529E03823C95094004707FD /* Base */,
			);
			name = Main.storyboard;
			sourceTree = "<group>";
		};
		0529E03F23C95095004707FD /* LaunchScreen.storyboard */ = {
			isa = PBXVariantGroup;
			children = (
				0529E04023C95095004707FD /* Base */,
			);
			name = LaunchScreen.storyboard;
			sourceTree = "<group>";
		};
/* End PBXVariantGroup section */

/* Begin XCBuildConfiguration section */
		0529E05923C95095004707FD /* Debug */ = {
			isa = XCBuildConfiguration;
			buildSettings = {
				ALWAYS_SEARCH_USER_PATHS = NO;
				CLANG_ANALYZER_NONNULL = YES;
				CLANG_ANALYZER_NUMBER_OBJECT_CONVERSION = YES_AGGRESSIVE;
				CLANG_CXX_LANGUAGE_STANDARD = "gnu++14";
				CLANG_CXX_LIBRARY = "libc++";
				CLANG_ENABLE_MODULES = YES;
				CLANG_ENABLE_OBJC_ARC = YES;
				CLANG_ENABLE_OBJC_WEAK = YES;
				CLANG_WARN_BLOCK_CAPTURE_AUTORELEASING = YES;
				CLANG_WARN_BOOL_CONVERSION = YES;
				CLANG_WARN_COMMA = YES;
				CLANG_WARN_CONSTANT_CONVERSION = YES;
				CLANG_WARN_DEPRECATED_OBJC_IMPLEMENTATIONS = YES;
				CLANG_WARN_DIRECT_OBJC_ISA_USAGE = YES_ERROR;
				CLANG_WARN_DOCUMENTATION_COMMENTS = YES;
				CLANG_WARN_EMPTY_BODY = YES;
				CLANG_WARN_ENUM_CONVERSION = YES;
				CLANG_WARN_INFINITE_RECURSION = YES;
				CLANG_WARN_INT_CONVERSION = YES;
				CLANG_WARN_NON_LITERAL_NULL_CONVERSION = YES;
				CLANG_WARN_OBJC_IMPLICIT_RETAIN_SELF = YES;
				CLANG_WARN_OBJC_LITERAL_CONVERSION = YES;
				CLANG_WARN_OBJC_ROOT_CLASS = YES_ERROR;
				CLANG_WARN_RANGE_LOOP_ANALYSIS = YES;
				CLANG_WARN_STRICT_PROTOTYPES = YES;
				CLANG_WARN_SUSPICIOUS_MOVE = YES;
				CLANG_WARN_UNGUARDED_AVAILABILITY = YES_AGGRESSIVE;
				CLANG_WARN_UNREACHABLE_CODE = YES;
				CLANG_WARN__DUPLICATE_METHOD_MATCH = YES;
				CODE_SIGN_IDENTITY = "iPhone Developer";
				COPY_PHASE_STRIP = NO;
				DEBUG_INFORMATION_FORMAT = dwarf;
				ENABLE_STRICT_OBJC_MSGSEND = YES;
				ENABLE_TESTABILITY = YES;
				GCC_C_LANGUAGE_STANDARD = gnu11;
				GCC_DYNAMIC_NO_PIC = NO;
				GCC_NO_COMMON_BLOCKS = YES;
				GCC_OPTIMIZATION_LEVEL = 0;
				GCC_PREPROCESSOR_DEFINITIONS = (
					"DEBUG=1",
					"$(inherited)",
				);
				GCC_WARN_64_TO_32_BIT_CONVERSION = YES;
				GCC_WARN_ABOUT_RETURN_TYPE = YES_ERROR;
				GCC_WARN_UNDECLARED_SELECTOR = YES;
				GCC_WARN_UNINITIALIZED_AUTOS = YES_AGGRESSIVE;
				GCC_WARN_UNUSED_FUNCTION = YES;
				GCC_WARN_UNUSED_VARIABLE = YES;
				IPHONEOS_DEPLOYMENT_TARGET = 12.1;
				MTL_ENABLE_DEBUG_INFO = INCLUDE_SOURCE;
				MTL_FAST_MATH = YES;
				ONLY_ACTIVE_ARCH = YES;
				SDKROOT = iphoneos;
				SWIFT_ACTIVE_COMPILATION_CONDITIONS = DEBUG;
				SWIFT_OPTIMIZATION_LEVEL = "-Onone";
			};
			name = Debug;
		};
		0529E05A23C95095004707FD /* Release */ = {
			isa = XCBuildConfiguration;
			buildSettings = {
				ALWAYS_SEARCH_USER_PATHS = NO;
				CLANG_ANALYZER_NONNULL = YES;
				CLANG_ANALYZER_NUMBER_OBJECT_CONVERSION = YES_AGGRESSIVE;
				CLANG_CXX_LANGUAGE_STANDARD = "gnu++14";
				CLANG_CXX_LIBRARY = "libc++";
				CLANG_ENABLE_MODULES = YES;
				CLANG_ENABLE_OBJC_ARC = YES;
				CLANG_ENABLE_OBJC_WEAK = YES;
				CLANG_WARN_BLOCK_CAPTURE_AUTORELEASING = YES;
				CLANG_WARN_BOOL_CONVERSION = YES;
				CLANG_WARN_COMMA = YES;
				CLANG_WARN_CONSTANT_CONVERSION = YES;
				CLANG_WARN_DEPRECATED_OBJC_IMPLEMENTATIONS = YES;
				CLANG_WARN_DIRECT_OBJC_ISA_USAGE = YES_ERROR;
				CLANG_WARN_DOCUMENTATION_COMMENTS = YES;
				CLANG_WARN_EMPTY_BODY = YES;
				CLANG_WARN_ENUM_CONVERSION = YES;
				CLANG_WARN_INFINITE_RECURSION = YES;
				CLANG_WARN_INT_CONVERSION = YES;
				CLANG_WARN_NON_LITERAL_NULL_CONVERSION = YES;
				CLANG_WARN_OBJC_IMPLICIT_RETAIN_SELF = YES;
				CLANG_WARN_OBJC_LITERAL_CONVERSION = YES;
				CLANG_WARN_OBJC_ROOT_CLASS = YES_ERROR;
				CLANG_WARN_RANGE_LOOP_ANALYSIS = YES;
				CLANG_WARN_STRICT_PROTOTYPES = YES;
				CLANG_WARN_SUSPICIOUS_MOVE = YES;
				CLANG_WARN_UNGUARDED_AVAILABILITY = YES_AGGRESSIVE;
				CLANG_WARN_UNREACHABLE_CODE = YES;
				CLANG_WARN__DUPLICATE_METHOD_MATCH = YES;
				CODE_SIGN_IDENTITY = "iPhone Developer";
				COPY_PHASE_STRIP = NO;
				DEBUG_INFORMATION_FORMAT = "dwarf-with-dsym";
				ENABLE_NS_ASSERTIONS = NO;
				ENABLE_STRICT_OBJC_MSGSEND = YES;
				GCC_C_LANGUAGE_STANDARD = gnu11;
				GCC_NO_COMMON_BLOCKS = YES;
				GCC_WARN_64_TO_32_BIT_CONVERSION = YES;
				GCC_WARN_ABOUT_RETURN_TYPE = YES_ERROR;
				GCC_WARN_UNDECLARED_SELECTOR = YES;
				GCC_WARN_UNINITIALIZED_AUTOS = YES_AGGRESSIVE;
				GCC_WARN_UNUSED_FUNCTION = YES;
				GCC_WARN_UNUSED_VARIABLE = YES;
				IPHONEOS_DEPLOYMENT_TARGET = 12.1;
				MTL_ENABLE_DEBUG_INFO = NO;
				MTL_FAST_MATH = YES;
				SDKROOT = iphoneos;
				SWIFT_COMPILATION_MODE = wholemodule;
				SWIFT_OPTIMIZATION_LEVEL = "-O";
				VALIDATE_PRODUCT = YES;
			};
			name = Release;
		};
		0529E05C23C95095004707FD /* Debug */ = {
			isa = XCBuildConfiguration;
			buildSettings = {
				ASSETCATALOG_COMPILER_APPICON_NAME = AppIcon;
				CODE_SIGN_STYLE = Automatic;
				DEVELOPMENT_TEAM = 5494GRQ5MD;
				INFOPLIST_FILE = ScoutingApp2020/Info.plist;
				IPHONEOS_DEPLOYMENT_TARGET = 13.0;
				LD_RUNPATH_SEARCH_PATHS = (
					"$(inherited)",
					"@executable_path/Frameworks",
				);
				PRODUCT_BUNDLE_IDENTIFIER = hwacha.ScoutingApp2020;
				PRODUCT_NAME = "$(TARGET_NAME)";
				SWIFT_VERSION = 5.0;
				TARGETED_DEVICE_FAMILY = "1,2";
			};
			name = Debug;
		};
		0529E05D23C95095004707FD /* Release */ = {
			isa = XCBuildConfiguration;
			buildSettings = {
				ASSETCATALOG_COMPILER_APPICON_NAME = AppIcon;
				CODE_SIGN_STYLE = Automatic;
				DEVELOPMENT_TEAM = 5494GRQ5MD;
				INFOPLIST_FILE = ScoutingApp2020/Info.plist;
				IPHONEOS_DEPLOYMENT_TARGET = 13.0;
				LD_RUNPATH_SEARCH_PATHS = (
					"$(inherited)",
					"@executable_path/Frameworks",
				);
				PRODUCT_BUNDLE_IDENTIFIER = hwacha.ScoutingApp2020;
				PRODUCT_NAME = "$(TARGET_NAME)";
				SWIFT_VERSION = 5.0;
				TARGETED_DEVICE_FAMILY = "1,2";
			};
			name = Release;
		};
		0529E05F23C95095004707FD /* Debug */ = {
			isa = XCBuildConfiguration;
			buildSettings = {
				ALWAYS_EMBED_SWIFT_STANDARD_LIBRARIES = YES;
				BUNDLE_LOADER = "$(TEST_HOST)";
				CODE_SIGN_STYLE = Automatic;
				DEVELOPMENT_TEAM = 5494GRQ5MD;
				INFOPLIST_FILE = ScoutingApp2020Tests/Info.plist;
				LD_RUNPATH_SEARCH_PATHS = (
					"$(inherited)",
					"@executable_path/Frameworks",
					"@loader_path/Frameworks",
				);
				PRODUCT_BUNDLE_IDENTIFIER = hwacha.ScoutingApp2020Tests;
				PRODUCT_NAME = "$(TARGET_NAME)";
				SWIFT_VERSION = 5.0;
				TARGETED_DEVICE_FAMILY = "1,2";
				TEST_HOST = "$(BUILT_PRODUCTS_DIR)/ScoutingApp2020.app/ScoutingApp2020";
			};
			name = Debug;
		};
		0529E06023C95095004707FD /* Release */ = {
			isa = XCBuildConfiguration;
			buildSettings = {
				ALWAYS_EMBED_SWIFT_STANDARD_LIBRARIES = YES;
				BUNDLE_LOADER = "$(TEST_HOST)";
				CODE_SIGN_STYLE = Automatic;
				DEVELOPMENT_TEAM = 5494GRQ5MD;
				INFOPLIST_FILE = ScoutingApp2020Tests/Info.plist;
				LD_RUNPATH_SEARCH_PATHS = (
					"$(inherited)",
					"@executable_path/Frameworks",
					"@loader_path/Frameworks",
				);
				PRODUCT_BUNDLE_IDENTIFIER = hwacha.ScoutingApp2020Tests;
				PRODUCT_NAME = "$(TARGET_NAME)";
				SWIFT_VERSION = 5.0;
				TARGETED_DEVICE_FAMILY = "1,2";
				TEST_HOST = "$(BUILT_PRODUCTS_DIR)/ScoutingApp2020.app/ScoutingApp2020";
			};
			name = Release;
		};
		0529E06223C95095004707FD /* Debug */ = {
			isa = XCBuildConfiguration;
			buildSettings = {
				ALWAYS_EMBED_SWIFT_STANDARD_LIBRARIES = YES;
				CODE_SIGN_STYLE = Automatic;
				DEVELOPMENT_TEAM = 5494GRQ5MD;
				INFOPLIST_FILE = ScoutingApp2020UITests/Info.plist;
				LD_RUNPATH_SEARCH_PATHS = (
					"$(inherited)",
					"@executable_path/Frameworks",
					"@loader_path/Frameworks",
				);
				PRODUCT_BUNDLE_IDENTIFIER = hwacha.ScoutingApp2020UITests;
				PRODUCT_NAME = "$(TARGET_NAME)";
				SWIFT_VERSION = 5.0;
				TARGETED_DEVICE_FAMILY = "1,2";
				TEST_TARGET_NAME = ScoutingApp2020;
			};
			name = Debug;
		};
		0529E06323C95095004707FD /* Release */ = {
			isa = XCBuildConfiguration;
			buildSettings = {
				ALWAYS_EMBED_SWIFT_STANDARD_LIBRARIES = YES;
				CODE_SIGN_STYLE = Automatic;
				DEVELOPMENT_TEAM = 5494GRQ5MD;
				INFOPLIST_FILE = ScoutingApp2020UITests/Info.plist;
				LD_RUNPATH_SEARCH_PATHS = (
					"$(inherited)",
					"@executable_path/Frameworks",
					"@loader_path/Frameworks",
				);
				PRODUCT_BUNDLE_IDENTIFIER = hwacha.ScoutingApp2020UITests;
				PRODUCT_NAME = "$(TARGET_NAME)";
				SWIFT_VERSION = 5.0;
				TARGETED_DEVICE_FAMILY = "1,2";
				TEST_TARGET_NAME = ScoutingApp2020;
			};
			name = Release;
		};
/* End XCBuildConfiguration section */

/* Begin XCConfigurationList section */
		0529E02B23C95094004707FD /* Build configuration list for PBXProject "ScoutingApp2020" */ = {
			isa = XCConfigurationList;
			buildConfigurations = (
				0529E05923C95095004707FD /* Debug */,
				0529E05A23C95095004707FD /* Release */,
			);
			defaultConfigurationIsVisible = 0;
			defaultConfigurationName = Release;
		};
		0529E05B23C95095004707FD /* Build configuration list for PBXNativeTarget "ScoutingApp2020" */ = {
			isa = XCConfigurationList;
			buildConfigurations = (
				0529E05C23C95095004707FD /* Debug */,
				0529E05D23C95095004707FD /* Release */,
			);
			defaultConfigurationIsVisible = 0;
			defaultConfigurationName = Release;
		};
		0529E05E23C95095004707FD /* Build configuration list for PBXNativeTarget "ScoutingApp2020Tests" */ = {
			isa = XCConfigurationList;
			buildConfigurations = (
				0529E05F23C95095004707FD /* Debug */,
				0529E06023C95095004707FD /* Release */,
			);
			defaultConfigurationIsVisible = 0;
			defaultConfigurationName = Release;
		};
		0529E06123C95095004707FD /* Build configuration list for PBXNativeTarget "ScoutingApp2020UITests" */ = {
			isa = XCConfigurationList;
			buildConfigurations = (
				0529E06223C95095004707FD /* Debug */,
				0529E06323C95095004707FD /* Release */,
			);
			defaultConfigurationIsVisible = 0;
			defaultConfigurationName = Release;
		};
/* End XCConfigurationList section */

/* Begin XCVersionGroup section */
		0529E03A23C95094004707FD /* ScoutingApp2020.xcdatamodeld */ = {
			isa = XCVersionGroup;
			children = (
				0529E03B23C95094004707FD /* ScoutingApp2020.xcdatamodel */,
			);
			currentVersion = 0529E03B23C95094004707FD /* ScoutingApp2020.xcdatamodel */;
			path = ScoutingApp2020.xcdatamodeld;
			sourceTree = "<group>";
			versionGroupType = wrapper.xcdatamodel;
		};
/* End XCVersionGroup section */
	};
	rootObject = 0529E02823C95094004707FD /* Project object */;
}
